// !$*UTF8*$!
{
	archiveVersion = 1;
	classes = {
	};
	objectVersion = 56;
	objects = {

/* Begin PBXBuildFile section */
		C7B485C22AF6610E001400F0 /* appleFrameworksApp.swift in Sources */ = {isa = PBXBuildFile; fileRef = C7B485C12AF6610E001400F0 /* appleFrameworksApp.swift */; };
		C7B485C42AF6610E001400F0 /* HomeScreen.swift in Sources */ = {isa = PBXBuildFile; fileRef = C7B485C32AF6610E001400F0 /* HomeScreen.swift */; };
		C7B485C62AF6610F001400F0 /* Assets.xcassets in Resources */ = {isa = PBXBuildFile; fileRef = C7B485C52AF6610F001400F0 /* Assets.xcassets */; };
		C7B485C92AF6610F001400F0 /* Preview Assets.xcassets in Resources */ = {isa = PBXBuildFile; fileRef = C7B485C82AF6610F001400F0 /* Preview Assets.xcassets */; };
		C7B485D02AF66173001400F0 /* FrameworkModel.swift in Sources */ = {isa = PBXBuildFile; fileRef = C7B485CF2AF66173001400F0 /* FrameworkModel.swift */; };
		C7D5058E2AF68661004C0D92 /* MyGridTile.swift in Sources */ = {isa = PBXBuildFile; fileRef = C7D5058D2AF68661004C0D92 /* MyGridTile.swift */; };
		C7D505902AF6989A004C0D92 /* FrameworkDetailView.swift in Sources */ = {isa = PBXBuildFile; fileRef = C7D5058F2AF69899004C0D92 /* FrameworkDetailView.swift */; };
/* End PBXBuildFile section */

/* Begin PBXFileReference section */
		C7B485BE2AF6610E001400F0 /* appleFrameworks.app */ = {isa = PBXFileReference; explicitFileType = wrapper.application; includeInIndex = 0; path = appleFrameworks.app; sourceTree = BUILT_PRODUCTS_DIR; };
		C7B485C12AF6610E001400F0 /* appleFrameworksApp.swift */ = {isa = PBXFileReference; lastKnownFileType = sourcecode.swift; path = appleFrameworksApp.swift; sourceTree = "<group>"; };
		C7B485C32AF6610E001400F0 /* HomeScreen.swift */ = {isa = PBXFileReference; lastKnownFileType = sourcecode.swift; path = HomeScreen.swift; sourceTree = "<group>"; };
		C7B485C52AF6610F001400F0 /* Assets.xcassets */ = {isa = PBXFileReference; lastKnownFileType = folder.assetcatalog; path = Assets.xcassets; sourceTree = "<group>"; };
		C7B485C82AF6610F001400F0 /* Preview Assets.xcassets */ = {isa = PBXFileReference; lastKnownFileType = folder.assetcatalog; path = "Preview Assets.xcassets"; sourceTree = "<group>"; };
		C7B485CF2AF66173001400F0 /* FrameworkModel.swift */ = {isa = PBXFileReference; lastKnownFileType = sourcecode.swift; path = FrameworkModel.swift; sourceTree = "<group>"; };
		C7D5058D2AF68661004C0D92 /* MyGridTile.swift */ = {isa = PBXFileReference; lastKnownFileType = sourcecode.swift; path = MyGridTile.swift; sourceTree = "<group>"; };
		C7D5058F2AF69899004C0D92 /* FrameworkDetailView.swift */ = {isa = PBXFileReference; lastKnownFileType = sourcecode.swift; path = FrameworkDetailView.swift; sourceTree = "<group>"; };
/* End PBXFileReference section */

/* Begin PBXFrameworksBuildPhase section */
		C7B485BB2AF6610E001400F0 /* Frameworks */ = {
			isa = PBXFrameworksBuildPhase;
			buildActionMask = 2147483647;
			files = (
			);
			runOnlyForDeploymentPostprocessing = 0;
		};
/* End PBXFrameworksBuildPhase section */

/* Begin PBXGroup section */
		C7B485B52AF6610E001400F0 = {
			isa = PBXGroup;
			children = (
				C7B485C02AF6610E001400F0 /* appleFrameworks */,
				C7B485BF2AF6610E001400F0 /* Products */,
			);
			sourceTree = "<group>";
		};
		C7B485BF2AF6610E001400F0 /* Products */ = {
			isa = PBXGroup;
			children = (
				C7B485BE2AF6610E001400F0 /* appleFrameworks.app */,
			);
			name = Products;
			sourceTree = "<group>";
		};
		C7B485C02AF6610E001400F0 /* appleFrameworks */ = {
			isa = PBXGroup;
			children = (
				C7D505932AF69F50004C0D92 /* Models */,
				C7D505912AF69E7C004C0D92 /* Screens */,
				C7D505942AF69F8E004C0D92 /* Widgets */,
				C7B485C12AF6610E001400F0 /* appleFrameworksApp.swift */,
				C7B485C52AF6610F001400F0 /* Assets.xcassets */,
				C7B485C72AF6610F001400F0 /* Preview Content */,
			);
			path = appleFrameworks;
			sourceTree = "<group>";
		};
		C7B485C72AF6610F001400F0 /* Preview Content */ = {
			isa = PBXGroup;
			children = (
				C7B485C82AF6610F001400F0 /* Preview Assets.xcassets */,
			);
			path = "Preview Content";
			sourceTree = "<group>";
		};
		C7D505912AF69E7C004C0D92 /* Screens */ = {
			isa = PBXGroup;
			children = (
				C7B485C32AF6610E001400F0 /* HomeScreen.swift */,
				C7D5058F2AF69899004C0D92 /* FrameworkDetailView.swift */,
			);
			path = Screens;
			sourceTree = "<group>";
		};
		C7D505932AF69F50004C0D92 /* Models */ = {
			isa = PBXGroup;
			children = (
				C7B485CF2AF66173001400F0 /* FrameworkModel.swift */,
			);
			path = Models;
			sourceTree = "<group>";
		};
		C7D505942AF69F8E004C0D92 /* Widgets */ = {
			isa = PBXGroup;
			children = (
				C7D5058D2AF68661004C0D92 /* MyGridTile.swift */,
			);
			path = Widgets;
			sourceTree = "<group>";
		};
/* End PBXGroup section */

/* Begin PBXNativeTarget section */
		C7B485BD2AF6610E001400F0 /* appleFrameworks */ = {
			isa = PBXNativeTarget;
			buildConfigurationList = C7B485CC2AF6610F001400F0 /* Build configuration list for PBXNativeTarget "appleFrameworks" */;
			buildPhases = (
				C7B485BA2AF6610E001400F0 /* Sources */,
				C7B485BB2AF6610E001400F0 /* Frameworks */,
				C7B485BC2AF6610E001400F0 /* Resources */,
			);
			buildRules = (
			);
			dependencies = (
			);
			name = appleFrameworks;
			productName = appleFrameworks;
			productReference = C7B485BE2AF6610E001400F0 /* appleFrameworks.app */;
			productType = "com.apple.product-type.application";
		};
/* End PBXNativeTarget section */

/* Begin PBXProject section */
		C7B485B62AF6610E001400F0 /* Project object */ = {
			isa = PBXProject;
			attributes = {
				BuildIndependentTargetsInParallel = 1;
				LastSwiftUpdateCheck = 1500;
				LastUpgradeCheck = 1500;
				TargetAttributes = {
					C7B485BD2AF6610E001400F0 = {
						CreatedOnToolsVersion = 15.0.1;
					};
				};
			};
			buildConfigurationList = C7B485B92AF6610E001400F0 /* Build configuration list for PBXProject "appleFrameworks" */;
			compatibilityVersion = "Xcode 14.0";
			developmentRegion = en;
			hasScannedForEncodings = 0;
			knownRegions = (
				en,
				Base,
			);
			mainGroup = C7B485B52AF6610E001400F0;
			productRefGroup = C7B485BF2AF6610E001400F0 /* Products */;
			projectDirPath = "";
			projectRoot = "";
			targets = (
				C7B485BD2AF6610E001400F0 /* appleFrameworks */,
			);
		};
/* End PBXProject section */

/* Begin PBXResourcesBuildPhase section */
		C7B485BC2AF6610E001400F0 /* Resources */ = {
			isa = PBXResourcesBuildPhase;
			buildActionMask = 2147483647;
			files = (
				C7B485C92AF6610F001400F0 /* Preview Assets.xcassets in Resources */,
				C7B485C62AF6610F001400F0 /* Assets.xcassets in Resources */,
			);
			runOnlyForDeploymentPostprocessing = 0;
		};
/* End PBXResourcesBuildPhase section */

/* Begin PBXSourcesBuildPhase section */
		C7B485BA2AF6610E001400F0 /* Sources */ = {
			isa = PBXSourcesBuildPhase;
			buildActionMask = 2147483647;
			files = (
				C7B485C42AF6610E001400F0 /* HomeScreen.swift in Sources */,
				C7D505902AF6989A004C0D92 /* FrameworkDetailView.swift in Sources */,
				C7D5058E2AF68661004C0D92 /* MyGridTile.swift in Sources */,
				C7B485D02AF66173001400F0 /* FrameworkModel.swift in Sources */,
				C7B485C22AF6610E001400F0 /* appleFrameworksApp.swift in Sources */,
			);
			runOnlyForDeploymentPostprocessing = 0;
		};
/* End PBXSourcesBuildPhase section */

/* Begin XCBuildConfiguration section */
		C7B485CA2AF6610F001400F0 /* Debug */ = {
			isa = XCBuildConfiguration;
			buildSettings = {
				ALWAYS_SEARCH_USER_PATHS = NO;
				ASSETCATALOG_COMPILER_GENERATE_SWIFT_ASSET_SYMBOL_EXTENSIONS = YES;
				CLANG_ANALYZER_NONNULL = YES;
				CLANG_ANALYZER_NUMBER_OBJECT_CONVERSION = YES_AGGRESSIVE;
				CLANG_CXX_LANGUAGE_STANDARD = "gnu++20";
				CLANG_ENABLE_MODULES = YES;
				CLANG_ENABLE_OBJC_ARC = YES;
				CLANG_ENABLE_OBJC_WEAK = YES;
				CLANG_WARN_BLOCK_CAPTURE_AUTORELEASING = YES;
				CLANG_WARN_BOOL_CONVERSION = YES;
				CLANG_WARN_COMMA = YES;
				CLANG_WARN_CONSTANT_CONVERSION = YES;
				CLANG_WARN_DEPRECATED_OBJC_IMPLEMENTATIONS = YES;
				CLANG_WARN_DIRECT_OBJC_ISA_USAGE = YES_ERROR;
				CLANG_WARN_DOCUMENTATION_COMMENTS = YES;
				CLANG_WARN_EMPTY_BODY = YES;
				CLANG_WARN_ENUM_CONVERSION = YES;
				CLANG_WARN_INFINITE_RECURSION = YES;
				CLANG_WARN_INT_CONVERSION = YES;
				CLANG_WARN_NON_LITERAL_NULL_CONVERSION = YES;
				CLANG_WARN_OBJC_IMPLICIT_RETAIN_SELF = YES;
				CLANG_WARN_OBJC_LITERAL_CONVERSION = YES;
				CLANG_WARN_OBJC_ROOT_CLASS = YES_ERROR;
				CLANG_WARN_QUOTED_INCLUDE_IN_FRAMEWORK_HEADER = YES;
				CLANG_WARN_RANGE_LOOP_ANALYSIS = YES;
				CLANG_WARN_STRICT_PROTOTYPES = YES;
				CLANG_WARN_SUSPICIOUS_MOVE = YES;
				CLANG_WARN_UNGUARDED_AVAILABILITY = YES_AGGRESSIVE;
				CLANG_WARN_UNREACHABLE_CODE = YES;
				CLANG_WARN__DUPLICATE_METHOD_MATCH = YES;
				COPY_PHASE_STRIP = NO;
				DEBUG_INFORMATION_FORMAT = dwarf;
				ENABLE_STRICT_OBJC_MSGSEND = YES;
				ENABLE_TESTABILITY = YES;
				ENABLE_USER_SCRIPT_SANDBOXING = YES;
				GCC_C_LANGUAGE_STANDARD = gnu17;
				GCC_DYNAMIC_NO_PIC = NO;
				GCC_NO_COMMON_BLOCKS = YES;
				GCC_OPTIMIZATION_LEVEL = 0;
				GCC_PREPROCESSOR_DEFINITIONS = (
					"DEBUG=1",
					"$(inherited)",
				);
				GCC_WARN_64_TO_32_BIT_CONVERSION = YES;
				GCC_WARN_ABOUT_RETURN_TYPE = YES_ERROR;
				GCC_WARN_UNDECLARED_SELECTOR = YES;
				GCC_WARN_UNINITIALIZED_AUTOS = YES_AGGRESSIVE;
				GCC_WARN_UNUSED_FUNCTION = YES;
				GCC_WARN_UNUSED_VARIABLE = YES;
				IPHONEOS_DEPLOYMENT_TARGET = 17.0;
				LOCALIZATION_PREFERS_STRING_CATALOGS = YES;
				MTL_ENABLE_DEBUG_INFO = INCLUDE_SOURCE;
				MTL_FAST_MATH = YES;
				ONLY_ACTIVE_ARCH = YES;
				SDKROOT = iphoneos;
				SWIFT_ACTIVE_COMPILATION_CONDITIONS = "DEBUG $(inherited)";
				SWIFT_OPTIMIZATION_LEVEL = "-Onone";
			};
			name = Debug;
		};
		C7B485CB2AF6610F001400F0 /* Release */ = {
			isa = XCBuildConfiguration;
			buildSettings = {
				ALWAYS_SEARCH_USER_PATHS = NO;
				ASSETCATALOG_COMPILER_GENERATE_SWIFT_ASSET_SYMBOL_EXTENSIONS = YES;
				CLANG_ANALYZER_NONNULL = YES;
				CLANG_ANALYZER_NUMBER_OBJECT_CONVERSION = YES_AGGRESSIVE;
				CLANG_CXX_LANGUAGE_STANDARD = "gnu++20";
				CLANG_ENABLE_MODULES = YES;
				CLANG_ENABLE_OBJC_ARC = YES;
				CLANG_ENABLE_OBJC_WEAK = YES;
				CLANG_WARN_BLOCK_CAPTURE_AUTORELEASING = YES;
				CLANG_WARN_BOOL_CONVERSION = YES;
				CLANG_WARN_COMMA = YES;
				CLANG_WARN_CONSTANT_CONVERSION = YES;
				CLANG_WARN_DEPRECATED_OBJC_IMPLEMENTATIONS = YES;
				CLANG_WARN_DIRECT_OBJC_ISA_USAGE = YES_ERROR;
				CLANG_WARN_DOCUMENTATION_COMMENTS = YES;
				CLANG_WARN_EMPTY_BODY = YES;
				CLANG_WARN_ENUM_CONVERSION = YES;
				CLANG_WARN_INFINITE_RECURSION = YES;
				CLANG_WARN_INT_CONVERSION = YES;
				CLANG_WARN_NON_LITERAL_NULL_CONVERSION = YES;
				CLANG_WARN_OBJC_IMPLICIT_RETAIN_SELF = YES;
				CLANG_WARN_OBJC_LITERAL_CONVERSION = YES;
				CLANG_WARN_OBJC_ROOT_CLASS = YES_ERROR;
				CLANG_WARN_QUOTED_INCLUDE_IN_FRAMEWORK_HEADER = YES;
				CLANG_WARN_RANGE_LOOP_ANALYSIS = YES;
				CLANG_WARN_STRICT_PROTOTYPES = YES;
				CLANG_WARN_SUSPICIOUS_MOVE = YES;
				CLANG_WARN_UNGUARDED_AVAILABILITY = YES_AGGRESSIVE;
				CLANG_WARN_UNREACHABLE_CODE = YES;
				CLANG_WARN__DUPLICATE_METHOD_MATCH = YES;
				COPY_PHASE_STRIP = NO;
				DEBUG_INFORMATION_FORMAT = "dwarf-with-dsym";
				ENABLE_NS_ASSERTIONS = NO;
				ENABLE_STRICT_OBJC_MSGSEND = YES;
				ENABLE_USER_SCRIPT_SANDBOXING = YES;
				GCC_C_LANGUAGE_STANDARD = gnu17;
				GCC_NO_COMMON_BLOCKS = YES;
				GCC_WARN_64_TO_32_BIT_CONVERSION = YES;
				GCC_WARN_ABOUT_RETURN_TYPE = YES_ERROR;
				GCC_WARN_UNDECLARED_SELECTOR = YES;
				GCC_WARN_UNINITIALIZED_AUTOS = YES_AGGRESSIVE;
				GCC_WARN_UNUSED_FUNCTION = YES;
				GCC_WARN_UNUSED_VARIABLE = YES;
				IPHONEOS_DEPLOYMENT_TARGET = 17.0;
				LOCALIZATION_PREFERS_STRING_CATALOGS = YES;
				MTL_ENABLE_DEBUG_INFO = NO;
				MTL_FAST_MATH = YES;
				SDKROOT = iphoneos;
				SWIFT_COMPILATION_MODE = wholemodule;
				VALIDATE_PRODUCT = YES;
			};
			name = Release;
		};
		C7B485CD2AF6610F001400F0 /* Debug */ = {
			isa = XCBuildConfiguration;
			buildSettings = {
				ASSETCATALOG_COMPILER_APPICON_NAME = AppIcon;
				ASSETCATALOG_COMPILER_GLOBAL_ACCENT_COLOR_NAME = AccentColor;
				CODE_SIGN_STYLE = Automatic;
				CURRENT_PROJECT_VERSION = 1;
				DEVELOPMENT_ASSET_PATHS = "\"appleFrameworks/Preview Content\"";
				ENABLE_PREVIEWS = YES;
				GENERATE_INFOPLIST_FILE = YES;
				INFOPLIST_KEY_UIApplicationSceneManifest_Generation = YES;
				INFOPLIST_KEY_UIApplicationSupportsIndirectInputEvents = YES;
				INFOPLIST_KEY_UILaunchScreen_Generation = YES;
				INFOPLIST_KEY_UISupportedInterfaceOrientations_iPad = "UIInterfaceOrientationPortrait UIInterfaceOrientationPortraitUpsideDown UIInterfaceOrientationLandscapeLeft UIInterfaceOrientationLandscapeRight";
				INFOPLIST_KEY_UISupportedInterfaceOrientations_iPhone = "UIInterfaceOrientationPortrait UIInterfaceOrientationLandscapeLeft UIInterfaceOrientationLandscapeRight";
				LD_RUNPATH_SEARCH_PATHS = (
					"$(inherited)",
					"@executable_path/Frameworks",
				);
				MARKETING_VERSION = 1.0;
				PRODUCT_BUNDLE_IDENTIFIER = gautam.appleFrameworks;
				PRODUCT_NAME = "$(TARGET_NAME)";
				SWIFT_EMIT_LOC_STRINGS = YES;
				SWIFT_VERSION = 5.0;
				TARGETED_DEVICE_FAMILY = "1,2";
			};
			name = Debug;
		};
		C7B485CE2AF6610F001400F0 /* Release */ = {
			isa = XCBuildConfiguration;
			buildSettings = {
				ASSETCATALOG_COMPILER_APPICON_NAME = AppIcon;
				ASSETCATALOG_COMPILER_GLOBAL_ACCENT_COLOR_NAME = AccentColor;
				CODE_SIGN_STYLE = Automatic;
				CURRENT_PROJECT_VERSION = 1;
				DEVELOPMENT_ASSET_PATHS = "\"appleFrameworks/Preview Content\"";
				ENABLE_PREVIEWS = YES;
				GENERATE_INFOPLIST_FILE = YES;
				INFOPLIST_KEY_UIApplicationSceneManifest_Generation = YES;
				INFOPLIST_KEY_UIApplicationSupportsIndirectInputEvents = YES;
				INFOPLIST_KEY_UILaunchScreen_Generation = YES;
				INFOPLIST_KEY_UISupportedInterfaceOrientations_iPad = "UIInterfaceOrientationPortrait UIInterfaceOrientationPortraitUpsideDown UIInterfaceOrientationLandscapeLeft UIInterfaceOrientationLandscapeRight";
				INFOPLIST_KEY_UISupportedInterfaceOrientations_iPhone = "UIInterfaceOrientationPortrait UIInterfaceOrientationLandscapeLeft UIInterfaceOrientationLandscapeRight";
				LD_RUNPATH_SEARCH_PATHS = (
					"$(inherited)",
					"@executable_path/Frameworks",
				);
				MARKETING_VERSION = 1.0;
				PRODUCT_BUNDLE_IDENTIFIER = gautam.appleFrameworks;
				PRODUCT_NAME = "$(TARGET_NAME)";
				SWIFT_EMIT_LOC_STRINGS = YES;
				SWIFT_VERSION = 5.0;
				TARGETED_DEVICE_FAMILY = "1,2";
			};
			name = Release;
		};
/* End XCBuildConfiguration section */

/* Begin XCConfigurationList section */
		C7B485B92AF6610E001400F0 /* Build configuration list for PBXProject "appleFrameworks" */ = {
			isa = XCConfigurationList;
			buildConfigurations = (
				C7B485CA2AF6610F001400F0 /* Debug */,
				C7B485CB2AF6610F001400F0 /* Release */,
			);
			defaultConfigurationIsVisible = 0;
			defaultConfigurationName = Release;
		};
		C7B485CC2AF6610F001400F0 /* Build configuration list for PBXNativeTarget "appleFrameworks" */ = {
			isa = XCConfigurationList;
			buildConfigurations = (
				C7B485CD2AF6610F001400F0 /* Debug */,
				C7B485CE2AF6610F001400F0 /* Release */,
			);
			defaultConfigurationIsVisible = 0;
			defaultConfigurationName = Release;
		};
/* End XCConfigurationList section */
	};
	rootObject = C7B485B62AF6610E001400F0 /* Project object */;
}
