// !$*UTF8*$!
{
	archiveVersion = 1;
	classes = {
	};
	objectVersion = 56;
	objects = {

/* Begin PBXBuildFile section */
		C75FA51C2B00759200EF4E76 /* AppetizerListViewModel.swift in Sources */ = {isa = PBXBuildFile; fileRef = C75FA51B2B00759200EF4E76 /* AppetizerListViewModel.swift */; };
		C75FA51E2B0084E200EF4E76 /* Alert.swift in Sources */ = {isa = PBXBuildFile; fileRef = C75FA51D2B0084E200EF4E76 /* Alert.swift */; };
		C75FA5202B0097EF00EF4E76 /* RemoteImage.swift in Sources */ = {isa = PBXBuildFile; fileRef = C75FA51F2B0097EF00EF4E76 /* RemoteImage.swift */; };
		C75FA52C2B00BF6100EF4E76 /* AppetizerDetailView.swift in Sources */ = {isa = PBXBuildFile; fileRef = C75FA52B2B00BF6100EF4E76 /* AppetizerDetailView.swift */; };
		C75FA52E2B00DB9C00EF4E76 /* AccountViewModel.swift in Sources */ = {isa = PBXBuildFile; fileRef = C75FA52D2B00DB9C00EF4E76 /* AccountViewModel.swift */; };
		C75FA5302B00E3FA00EF4E76 /* UserModel.swift in Sources */ = {isa = PBXBuildFile; fileRef = C75FA52F2B00E3FA00EF4E76 /* UserModel.swift */; };
		C75FA5322B00FFC700EF4E76 /* EmptyState.swift in Sources */ = {isa = PBXBuildFile; fileRef = C75FA5312B00FFC700EF4E76 /* EmptyState.swift */; };
		C75FA5342B01045000EF4E76 /* OrderModel.swift in Sources */ = {isa = PBXBuildFile; fileRef = C75FA5332B01045000EF4E76 /* OrderModel.swift */; };
		C76CFAEA2AF794D20095D98A /* AppetizersApp.swift in Sources */ = {isa = PBXBuildFile; fileRef = C76CFAE92AF794D20095D98A /* AppetizersApp.swift */; };
		C76CFAEC2AF794D20095D98A /* AppetizerTabView.swift in Sources */ = {isa = PBXBuildFile; fileRef = C76CFAEB2AF794D20095D98A /* AppetizerTabView.swift */; };
		C76CFAEE2AF794D50095D98A /* Assets.xcassets in Resources */ = {isa = PBXBuildFile; fileRef = C76CFAED2AF794D50095D98A /* Assets.xcassets */; };
		C76CFAF12AF794D50095D98A /* Preview Assets.xcassets in Resources */ = {isa = PBXBuildFile; fileRef = C76CFAF02AF794D50095D98A /* Preview Assets.xcassets */; };
		C76CFAF82AF7B90B0095D98A /* AppetizerListView.swift in Sources */ = {isa = PBXBuildFile; fileRef = C76CFAF72AF7B90B0095D98A /* AppetizerListView.swift */; };
		C76CFAFA2AF7B9190095D98A /* OrdersView.swift in Sources */ = {isa = PBXBuildFile; fileRef = C76CFAF92AF7B9190095D98A /* OrdersView.swift */; };
		C76CFAFC2AF7B9230095D98A /* AccountView.swift in Sources */ = {isa = PBXBuildFile; fileRef = C76CFAFB2AF7B9230095D98A /* AccountView.swift */; };
		C76CFAFE2AF7BFCF0095D98A /* AppetizerModel.swift in Sources */ = {isa = PBXBuildFile; fileRef = C76CFAFD2AF7BFCF0095D98A /* AppetizerModel.swift */; };
		C7B283A42AF7FA9D00C25B2E /* AppetizerListCell.swift in Sources */ = {isa = PBXBuildFile; fileRef = C7B283A32AF7FA9D00C25B2E /* AppetizerListCell.swift */; };
		C7B283A62AF7FB0700C25B2E /* NetworkManager.swift in Sources */ = {isa = PBXBuildFile; fileRef = C7B283A52AF7FB0700C25B2E /* NetworkManager.swift */; };
/* End PBXBuildFile section */

/* Begin PBXFileReference section */
		C75FA51B2B00759200EF4E76 /* AppetizerListViewModel.swift */ = {isa = PBXFileReference; lastKnownFileType = sourcecode.swift; path = AppetizerListViewModel.swift; sourceTree = "<group>"; };
		C75FA51D2B0084E200EF4E76 /* Alert.swift */ = {isa = PBXFileReference; lastKnownFileType = sourcecode.swift; path = Alert.swift; sourceTree = "<group>"; };
		C75FA51F2B0097EF00EF4E76 /* RemoteImage.swift */ = {isa = PBXFileReference; lastKnownFileType = sourcecode.swift; path = RemoteImage.swift; sourceTree = "<group>"; };
		C75FA52B2B00BF6100EF4E76 /* AppetizerDetailView.swift */ = {isa = PBXFileReference; lastKnownFileType = sourcecode.swift; path = AppetizerDetailView.swift; sourceTree = "<group>"; };
		C75FA52D2B00DB9C00EF4E76 /* AccountViewModel.swift */ = {isa = PBXFileReference; lastKnownFileType = sourcecode.swift; path = AccountViewModel.swift; sourceTree = "<group>"; };
		C75FA52F2B00E3FA00EF4E76 /* UserModel.swift */ = {isa = PBXFileReference; lastKnownFileType = sourcecode.swift; path = UserModel.swift; sourceTree = "<group>"; };
		C75FA5312B00FFC700EF4E76 /* EmptyState.swift */ = {isa = PBXFileReference; lastKnownFileType = sourcecode.swift; path = EmptyState.swift; sourceTree = "<group>"; };
		C75FA5332B01045000EF4E76 /* OrderModel.swift */ = {isa = PBXFileReference; lastKnownFileType = sourcecode.swift; path = OrderModel.swift; sourceTree = "<group>"; };
		C76CFAE62AF794D20095D98A /* Appetizers.app */ = {isa = PBXFileReference; explicitFileType = wrapper.application; includeInIndex = 0; path = Appetizers.app; sourceTree = BUILT_PRODUCTS_DIR; };
		C76CFAE92AF794D20095D98A /* AppetizersApp.swift */ = {isa = PBXFileReference; lastKnownFileType = sourcecode.swift; path = AppetizersApp.swift; sourceTree = "<group>"; };
		C76CFAEB2AF794D20095D98A /* AppetizerTabView.swift */ = {isa = PBXFileReference; lastKnownFileType = sourcecode.swift; path = AppetizerTabView.swift; sourceTree = "<group>"; };
		C76CFAED2AF794D50095D98A /* Assets.xcassets */ = {isa = PBXFileReference; lastKnownFileType = folder.assetcatalog; path = Assets.xcassets; sourceTree = "<group>"; };
		C76CFAF02AF794D50095D98A /* Preview Assets.xcassets */ = {isa = PBXFileReference; lastKnownFileType = folder.assetcatalog; path = "Preview Assets.xcassets"; sourceTree = "<group>"; };
		C76CFAF72AF7B90B0095D98A /* AppetizerListView.swift */ = {isa = PBXFileReference; lastKnownFileType = sourcecode.swift; path = AppetizerListView.swift; sourceTree = "<group>"; };
		C76CFAF92AF7B9190095D98A /* OrdersView.swift */ = {isa = PBXFileReference; lastKnownFileType = sourcecode.swift; path = OrdersView.swift; sourceTree = "<group>"; };
		C76CFAFB2AF7B9230095D98A /* AccountView.swift */ = {isa = PBXFileReference; lastKnownFileType = sourcecode.swift; path = AccountView.swift; sourceTree = "<group>"; };
		C76CFAFD2AF7BFCF0095D98A /* AppetizerModel.swift */ = {isa = PBXFileReference; lastKnownFileType = sourcecode.swift; path = AppetizerModel.swift; sourceTree = "<group>"; };
		C7B283A32AF7FA9D00C25B2E /* AppetizerListCell.swift */ = {isa = PBXFileReference; lastKnownFileType = sourcecode.swift; path = AppetizerListCell.swift; sourceTree = "<group>"; };
		C7B283A52AF7FB0700C25B2E /* NetworkManager.swift */ = {isa = PBXFileReference; lastKnownFileType = sourcecode.swift; path = NetworkManager.swift; sourceTree = "<group>"; };
/* End PBXFileReference section */

/* Begin PBXFrameworksBuildPhase section */
		C76CFAE32AF794D20095D98A /* Frameworks */ = {
			isa = PBXFrameworksBuildPhase;
			buildActionMask = 2147483647;
			files = (
			);
			runOnlyForDeploymentPostprocessing = 0;
		};
/* End PBXFrameworksBuildPhase section */

/* Begin PBXGroup section */
		C75FA5212B00BCEB00EF4E76 /* Screens */ = {
			isa = PBXGroup;
			children = (
				C76CFAEB2AF794D20095D98A /* AppetizerTabView.swift */,
				C75FA5222B00BCF700EF4E76 /* AppetizerListView */,
				C75FA5242B00BD0F00EF4E76 /* OrderView */,
				C75FA5232B00BD0400EF4E76 /* AccountView */,
			);
			path = Screens;
			sourceTree = "<group>";
		};
		C75FA5222B00BCF700EF4E76 /* AppetizerListView */ = {
			isa = PBXGroup;
			children = (
				C75FA51B2B00759200EF4E76 /* AppetizerListViewModel.swift */,
				C76CFAF72AF7B90B0095D98A /* AppetizerListView.swift */,
				C75FA52A2B00BF2C00EF4E76 /* DetailScreen */,
			);
			path = AppetizerListView;
			sourceTree = "<group>";
		};
		C75FA5232B00BD0400EF4E76 /* AccountView */ = {
			isa = PBXGroup;
			children = (
				C76CFAFB2AF7B9230095D98A /* AccountView.swift */,
				C75FA52D2B00DB9C00EF4E76 /* AccountViewModel.swift */,
			);
			path = AccountView;
			sourceTree = "<group>";
		};
		C75FA5242B00BD0F00EF4E76 /* OrderView */ = {
			isa = PBXGroup;
			children = (
				C76CFAF92AF7B9190095D98A /* OrdersView.swift */,
			);
			path = OrderView;
			sourceTree = "<group>";
		};
		C75FA5252B00BD4200EF4E76 /* Utils */ = {
			isa = PBXGroup;
			children = (
				C75FA51D2B0084E200EF4E76 /* Alert.swift */,
				C75FA5282B00BE1000EF4E76 /* Models */,
				C75FA5272B00BD9400EF4E76 /* Managers */,
			);
			path = Utils;
			sourceTree = "<group>";
		};
		C75FA5272B00BD9400EF4E76 /* Managers */ = {
			isa = PBXGroup;
			children = (
				C7B283A52AF7FB0700C25B2E /* NetworkManager.swift */,
			);
			path = Managers;
			sourceTree = "<group>";
		};
		C75FA5282B00BE1000EF4E76 /* Models */ = {
			isa = PBXGroup;
			children = (
				C76CFAFD2AF7BFCF0095D98A /* AppetizerModel.swift */,
				C75FA52F2B00E3FA00EF4E76 /* UserModel.swift */,
				C75FA5332B01045000EF4E76 /* OrderModel.swift */,
			);
			path = Models;
			sourceTree = "<group>";
		};
		C75FA5292B00BE3900EF4E76 /* Widgets */ = {
			isa = PBXGroup;
			children = (
				C7B283A32AF7FA9D00C25B2E /* AppetizerListCell.swift */,
				C75FA51F2B0097EF00EF4E76 /* RemoteImage.swift */,
				C75FA5312B00FFC700EF4E76 /* EmptyState.swift */,
			);
			path = Widgets;
			sourceTree = "<group>";
		};
		C75FA52A2B00BF2C00EF4E76 /* DetailScreen */ = {
			isa = PBXGroup;
			children = (
				C75FA52B2B00BF6100EF4E76 /* AppetizerDetailView.swift */,
			);
			path = DetailScreen;
			sourceTree = "<group>";
		};
		C76CFADD2AF794D20095D98A = {
			isa = PBXGroup;
			children = (
				C76CFAE82AF794D20095D98A /* Appetizers */,
				C76CFAE72AF794D20095D98A /* Products */,
			);
			sourceTree = "<group>";
		};
		C76CFAE72AF794D20095D98A /* Products */ = {
			isa = PBXGroup;
			children = (
				C76CFAE62AF794D20095D98A /* Appetizers.app */,
			);
			name = Products;
			sourceTree = "<group>";
		};
		C76CFAE82AF794D20095D98A /* Appetizers */ = {
			isa = PBXGroup;
			children = (
				C75FA5252B00BD4200EF4E76 /* Utils */,
				C75FA5212B00BCEB00EF4E76 /* Screens */,
				C75FA5292B00BE3900EF4E76 /* Widgets */,
				C76CFAE92AF794D20095D98A /* AppetizersApp.swift */,
				C76CFAED2AF794D50095D98A /* Assets.xcassets */,
				C76CFAEF2AF794D50095D98A /* Preview Content */,
			);
			path = Appetizers;
			sourceTree = "<group>";
		};
		C76CFAEF2AF794D50095D98A /* Preview Content */ = {
			isa = PBXGroup;
			children = (
				C76CFAF02AF794D50095D98A /* Preview Assets.xcassets */,
			);
			path = "Preview Content";
			sourceTree = "<group>";
		};
/* End PBXGroup section */

/* Begin PBXNativeTarget section */
		C76CFAE52AF794D20095D98A /* Appetizers */ = {
			isa = PBXNativeTarget;
			buildConfigurationList = C76CFAF42AF794D50095D98A /* Build configuration list for PBXNativeTarget "Appetizers" */;
			buildPhases = (
				C76CFAE22AF794D20095D98A /* Sources */,
				C76CFAE32AF794D20095D98A /* Frameworks */,
				C76CFAE42AF794D20095D98A /* Resources */,
			);
			buildRules = (
			);
			dependencies = (
			);
			name = Appetizers;
			productName = Appetizers;
			productReference = C76CFAE62AF794D20095D98A /* Appetizers.app */;
			productType = "com.apple.product-type.application";
		};
/* End PBXNativeTarget section */

/* Begin PBXProject section */
		C76CFADE2AF794D20095D98A /* Project object */ = {
			isa = PBXProject;
			attributes = {
				BuildIndependentTargetsInParallel = 1;
				LastSwiftUpdateCheck = 1500;
				LastUpgradeCheck = 1500;
				TargetAttributes = {
					C76CFAE52AF794D20095D98A = {
						CreatedOnToolsVersion = 15.0.1;
					};
				};
			};
			buildConfigurationList = C76CFAE12AF794D20095D98A /* Build configuration list for PBXProject "Appetizers" */;
			compatibilityVersion = "Xcode 14.0";
			developmentRegion = en;
			hasScannedForEncodings = 0;
			knownRegions = (
				en,
				Base,
			);
			mainGroup = C76CFADD2AF794D20095D98A;
			productRefGroup = C76CFAE72AF794D20095D98A /* Products */;
			projectDirPath = "";
			projectRoot = "";
			targets = (
				C76CFAE52AF794D20095D98A /* Appetizers */,
			);
		};
/* End PBXProject section */

/* Begin PBXResourcesBuildPhase section */
		C76CFAE42AF794D20095D98A /* Resources */ = {
			isa = PBXResourcesBuildPhase;
			buildActionMask = 2147483647;
			files = (
				C76CFAF12AF794D50095D98A /* Preview Assets.xcassets in Resources */,
				C76CFAEE2AF794D50095D98A /* Assets.xcassets in Resources */,
			);
			runOnlyForDeploymentPostprocessing = 0;
		};
/* End PBXResourcesBuildPhase section */

/* Begin PBXSourcesBuildPhase section */
		C76CFAE22AF794D20095D98A /* Sources */ = {
			isa = PBXSourcesBuildPhase;
			buildActionMask = 2147483647;
			files = (
				C76CFAFE2AF7BFCF0095D98A /* AppetizerModel.swift in Sources */,
				C7B283A42AF7FA9D00C25B2E /* AppetizerListCell.swift in Sources */,
				C76CFAEC2AF794D20095D98A /* AppetizerTabView.swift in Sources */,
				C76CFAFA2AF7B9190095D98A /* OrdersView.swift in Sources */,
				C75FA5202B0097EF00EF4E76 /* RemoteImage.swift in Sources */,
				C75FA51C2B00759200EF4E76 /* AppetizerListViewModel.swift in Sources */,
				C7B283A62AF7FB0700C25B2E /* NetworkManager.swift in Sources */,
				C76CFAEA2AF794D20095D98A /* AppetizersApp.swift in Sources */,
				C75FA5342B01045000EF4E76 /* OrderModel.swift in Sources */,
				C75FA5302B00E3FA00EF4E76 /* UserModel.swift in Sources */,
				C76CFAF82AF7B90B0095D98A /* AppetizerListView.swift in Sources */,
				C75FA51E2B0084E200EF4E76 /* Alert.swift in Sources */,
				C75FA52C2B00BF6100EF4E76 /* AppetizerDetailView.swift in Sources */,
				C75FA5322B00FFC700EF4E76 /* EmptyState.swift in Sources */,
				C75FA52E2B00DB9C00EF4E76 /* AccountViewModel.swift in Sources */,
				C76CFAFC2AF7B9230095D98A /* AccountView.swift in Sources */,
			);
			runOnlyForDeploymentPostprocessing = 0;
		};
/* End PBXSourcesBuildPhase section */

/* Begin XCBuildConfiguration section */
		C76CFAF22AF794D50095D98A /* Debug */ = {
			isa = XCBuildConfiguration;
			buildSettings = {
				ALWAYS_SEARCH_USER_PATHS = NO;
				ASSETCATALOG_COMPILER_GENERATE_SWIFT_ASSET_SYMBOL_EXTENSIONS = YES;
				CLANG_ANALYZER_NONNULL = YES;
				CLANG_ANALYZER_NUMBER_OBJECT_CONVERSION = YES_AGGRESSIVE;
				CLANG_CXX_LANGUAGE_STANDARD = "gnu++20";
				CLANG_ENABLE_MODULES = YES;
				CLANG_ENABLE_OBJC_ARC = YES;
				CLANG_ENABLE_OBJC_WEAK = YES;
				CLANG_WARN_BLOCK_CAPTURE_AUTORELEASING = YES;
				CLANG_WARN_BOOL_CONVERSION = YES;
				CLANG_WARN_COMMA = YES;
				CLANG_WARN_CONSTANT_CONVERSION = YES;
				CLANG_WARN_DEPRECATED_OBJC_IMPLEMENTATIONS = YES;
				CLANG_WARN_DIRECT_OBJC_ISA_USAGE = YES_ERROR;
				CLANG_WARN_DOCUMENTATION_COMMENTS = YES;
				CLANG_WARN_EMPTY_BODY = YES;
				CLANG_WARN_ENUM_CONVERSION = YES;
				CLANG_WARN_INFINITE_RECURSION = YES;
				CLANG_WARN_INT_CONVERSION = YES;
				CLANG_WARN_NON_LITERAL_NULL_CONVERSION = YES;
				CLANG_WARN_OBJC_IMPLICIT_RETAIN_SELF = YES;
				CLANG_WARN_OBJC_LITERAL_CONVERSION = YES;
				CLANG_WARN_OBJC_ROOT_CLASS = YES_ERROR;
				CLANG_WARN_QUOTED_INCLUDE_IN_FRAMEWORK_HEADER = YES;
				CLANG_WARN_RANGE_LOOP_ANALYSIS = YES;
				CLANG_WARN_STRICT_PROTOTYPES = YES;
				CLANG_WARN_SUSPICIOUS_MOVE = YES;
				CLANG_WARN_UNGUARDED_AVAILABILITY = YES_AGGRESSIVE;
				CLANG_WARN_UNREACHABLE_CODE = YES;
				CLANG_WARN__DUPLICATE_METHOD_MATCH = YES;
				COPY_PHASE_STRIP = NO;
				DEBUG_INFORMATION_FORMAT = dwarf;
				ENABLE_STRICT_OBJC_MSGSEND = YES;
				ENABLE_TESTABILITY = YES;
				ENABLE_USER_SCRIPT_SANDBOXING = YES;
				GCC_C_LANGUAGE_STANDARD = gnu17;
				GCC_DYNAMIC_NO_PIC = NO;
				GCC_NO_COMMON_BLOCKS = YES;
				GCC_OPTIMIZATION_LEVEL = 0;
				GCC_PREPROCESSOR_DEFINITIONS = (
					"DEBUG=1",
					"$(inherited)",
				);
				GCC_WARN_64_TO_32_BIT_CONVERSION = YES;
				GCC_WARN_ABOUT_RETURN_TYPE = YES_ERROR;
				GCC_WARN_UNDECLARED_SELECTOR = YES;
				GCC_WARN_UNINITIALIZED_AUTOS = YES_AGGRESSIVE;
				GCC_WARN_UNUSED_FUNCTION = YES;
				GCC_WARN_UNUSED_VARIABLE = YES;
				IPHONEOS_DEPLOYMENT_TARGET = 17.0;
				LOCALIZATION_PREFERS_STRING_CATALOGS = YES;
				MTL_ENABLE_DEBUG_INFO = INCLUDE_SOURCE;
				MTL_FAST_MATH = YES;
				ONLY_ACTIVE_ARCH = YES;
				SDKROOT = iphoneos;
				SWIFT_ACTIVE_COMPILATION_CONDITIONS = "DEBUG $(inherited)";
				SWIFT_OPTIMIZATION_LEVEL = "-Onone";
			};
			name = Debug;
		};
		C76CFAF32AF794D50095D98A /* Release */ = {
			isa = XCBuildConfiguration;
			buildSettings = {
				ALWAYS_SEARCH_USER_PATHS = NO;
				ASSETCATALOG_COMPILER_GENERATE_SWIFT_ASSET_SYMBOL_EXTENSIONS = YES;
				CLANG_ANALYZER_NONNULL = YES;
				CLANG_ANALYZER_NUMBER_OBJECT_CONVERSION = YES_AGGRESSIVE;
				CLANG_CXX_LANGUAGE_STANDARD = "gnu++20";
				CLANG_ENABLE_MODULES = YES;
				CLANG_ENABLE_OBJC_ARC = YES;
				CLANG_ENABLE_OBJC_WEAK = YES;
				CLANG_WARN_BLOCK_CAPTURE_AUTORELEASING = YES;
				CLANG_WARN_BOOL_CONVERSION = YES;
				CLANG_WARN_COMMA = YES;
				CLANG_WARN_CONSTANT_CONVERSION = YES;
				CLANG_WARN_DEPRECATED_OBJC_IMPLEMENTATIONS = YES;
				CLANG_WARN_DIRECT_OBJC_ISA_USAGE = YES_ERROR;
				CLANG_WARN_DOCUMENTATION_COMMENTS = YES;
				CLANG_WARN_EMPTY_BODY = YES;
				CLANG_WARN_ENUM_CONVERSION = YES;
				CLANG_WARN_INFINITE_RECURSION = YES;
				CLANG_WARN_INT_CONVERSION = YES;
				CLANG_WARN_NON_LITERAL_NULL_CONVERSION = YES;
				CLANG_WARN_OBJC_IMPLICIT_RETAIN_SELF = YES;
				CLANG_WARN_OBJC_LITERAL_CONVERSION = YES;
				CLANG_WARN_OBJC_ROOT_CLASS = YES_ERROR;
				CLANG_WARN_QUOTED_INCLUDE_IN_FRAMEWORK_HEADER = YES;
				CLANG_WARN_RANGE_LOOP_ANALYSIS = YES;
				CLANG_WARN_STRICT_PROTOTYPES = YES;
				CLANG_WARN_SUSPICIOUS_MOVE = YES;
				CLANG_WARN_UNGUARDED_AVAILABILITY = YES_AGGRESSIVE;
				CLANG_WARN_UNREACHABLE_CODE = YES;
				CLANG_WARN__DUPLICATE_METHOD_MATCH = YES;
				COPY_PHASE_STRIP = NO;
				DEBUG_INFORMATION_FORMAT = "dwarf-with-dsym";
				ENABLE_NS_ASSERTIONS = NO;
				ENABLE_STRICT_OBJC_MSGSEND = YES;
				ENABLE_USER_SCRIPT_SANDBOXING = YES;
				GCC_C_LANGUAGE_STANDARD = gnu17;
				GCC_NO_COMMON_BLOCKS = YES;
				GCC_WARN_64_TO_32_BIT_CONVERSION = YES;
				GCC_WARN_ABOUT_RETURN_TYPE = YES_ERROR;
				GCC_WARN_UNDECLARED_SELECTOR = YES;
				GCC_WARN_UNINITIALIZED_AUTOS = YES_AGGRESSIVE;
				GCC_WARN_UNUSED_FUNCTION = YES;
				GCC_WARN_UNUSED_VARIABLE = YES;
				IPHONEOS_DEPLOYMENT_TARGET = 17.0;
				LOCALIZATION_PREFERS_STRING_CATALOGS = YES;
				MTL_ENABLE_DEBUG_INFO = NO;
				MTL_FAST_MATH = YES;
				SDKROOT = iphoneos;
				SWIFT_COMPILATION_MODE = wholemodule;
				VALIDATE_PRODUCT = YES;
			};
			name = Release;
		};
		C76CFAF52AF794D50095D98A /* Debug */ = {
			isa = XCBuildConfiguration;
			buildSettings = {
				ASSETCATALOG_COMPILER_APPICON_NAME = AppIcon;
				ASSETCATALOG_COMPILER_GLOBAL_ACCENT_COLOR_NAME = AccentColor;
				CODE_SIGN_STYLE = Automatic;
				CURRENT_PROJECT_VERSION = 1;
				DEVELOPMENT_ASSET_PATHS = "\"Appetizers/Preview Content\"";
				DEVELOPMENT_TEAM = BVJCQU66DL;
				ENABLE_PREVIEWS = YES;
				GENERATE_INFOPLIST_FILE = YES;
				INFOPLIST_KEY_UIApplicationSceneManifest_Generation = YES;
				INFOPLIST_KEY_UIApplicationSupportsIndirectInputEvents = YES;
				INFOPLIST_KEY_UILaunchScreen_Generation = YES;
				INFOPLIST_KEY_UISupportedInterfaceOrientations_iPad = "UIInterfaceOrientationPortrait UIInterfaceOrientationPortraitUpsideDown UIInterfaceOrientationLandscapeLeft UIInterfaceOrientationLandscapeRight";
				INFOPLIST_KEY_UISupportedInterfaceOrientations_iPhone = "UIInterfaceOrientationPortrait UIInterfaceOrientationLandscapeLeft UIInterfaceOrientationLandscapeRight";
				LD_RUNPATH_SEARCH_PATHS = (
					"$(inherited)",
					"@executable_path/Frameworks",
				);
				MARKETING_VERSION = 1.0;
				PRODUCT_BUNDLE_IDENTIFIER = gautam.Appetizers;
				PRODUCT_NAME = "$(TARGET_NAME)";
				SWIFT_EMIT_LOC_STRINGS = YES;
				SWIFT_VERSION = 5.0;
				TARGETED_DEVICE_FAMILY = "1,2";
			};
			name = Debug;
		};
		C76CFAF62AF794D50095D98A /* Release */ = {
			isa = XCBuildConfiguration;
			buildSettings = {
				ASSETCATALOG_COMPILER_APPICON_NAME = AppIcon;
				ASSETCATALOG_COMPILER_GLOBAL_ACCENT_COLOR_NAME = AccentColor;
				CODE_SIGN_STYLE = Automatic;
				CURRENT_PROJECT_VERSION = 1;
				DEVELOPMENT_ASSET_PATHS = "\"Appetizers/Preview Content\"";
				DEVELOPMENT_TEAM = BVJCQU66DL;
				ENABLE_PREVIEWS = YES;
				GENERATE_INFOPLIST_FILE = YES;
				INFOPLIST_KEY_UIApplicationSceneManifest_Generation = YES;
				INFOPLIST_KEY_UIApplicationSupportsIndirectInputEvents = YES;
				INFOPLIST_KEY_UILaunchScreen_Generation = YES;
				INFOPLIST_KEY_UISupportedInterfaceOrientations_iPad = "UIInterfaceOrientationPortrait UIInterfaceOrientationPortraitUpsideDown UIInterfaceOrientationLandscapeLeft UIInterfaceOrientationLandscapeRight";
				INFOPLIST_KEY_UISupportedInterfaceOrientations_iPhone = "UIInterfaceOrientationPortrait UIInterfaceOrientationLandscapeLeft UIInterfaceOrientationLandscapeRight";
				LD_RUNPATH_SEARCH_PATHS = (
					"$(inherited)",
					"@executable_path/Frameworks",
				);
				MARKETING_VERSION = 1.0;
				PRODUCT_BUNDLE_IDENTIFIER = gautam.Appetizers;
				PRODUCT_NAME = "$(TARGET_NAME)";
				SWIFT_EMIT_LOC_STRINGS = YES;
				SWIFT_VERSION = 5.0;
				TARGETED_DEVICE_FAMILY = "1,2";
			};
			name = Release;
		};
/* End XCBuildConfiguration section */

/* Begin XCConfigurationList section */
		C76CFAE12AF794D20095D98A /* Build configuration list for PBXProject "Appetizers" */ = {
			isa = XCConfigurationList;
			buildConfigurations = (
				C76CFAF22AF794D50095D98A /* Debug */,
				C76CFAF32AF794D50095D98A /* Release */,
			);
			defaultConfigurationIsVisible = 0;
			defaultConfigurationName = Release;
		};
		C76CFAF42AF794D50095D98A /* Build configuration list for PBXNativeTarget "Appetizers" */ = {
			isa = XCConfigurationList;
			buildConfigurations = (
				C76CFAF52AF794D50095D98A /* Debug */,
				C76CFAF62AF794D50095D98A /* Release */,
			);
			defaultConfigurationIsVisible = 0;
			defaultConfigurationName = Release;
		};
/* End XCConfigurationList section */
	};
	rootObject = C76CFADE2AF794D20095D98A /* Project object */;
}
